
Microsoft Visual Studio Solution File, Format Version 12.00
# Visual Studio Version 17
VisualStudioVersion = 17.7.34018.315
MinimumVisualStudioVersion = 10.0.40219.1
Project("{FAE04EC0-301F-11D3-BF4B-00C04F79EFBC}") = "inluppg4.4", "inluppg4.4\inluppg4.4.csproj", "{22472780-BB9C-43F0-95D2-D54E44CC7AE9}"
EndProject
Global
	GlobalSection(SolutionConfigurationPlatforms) = preSolution
		Debug|Any CPU = Debug|Any CPU
		Release|Any CPU = Release|Any CPU
	EndGlobalSection
	GlobalSection(ProjectConfigurationPlatforms) = postSolution
		{22472780-BB9C-43F0-95D2-D54E44CC7AE9}.Debug|Any CPU.ActiveCfg = Debug|Any CPU
		{22472780-BB9C-43F0-95D2-D54E44CC7AE9}.Debug|Any CPU.Build.0 = Debug|Any CPU
		{22472780-BB9C-43F0-95D2-D54E44CC7AE9}.Release|Any CPU.ActiveCfg = Release|Any CPU
		{22472780-BB9C-43F0-95D2-D54E44CC7AE9}.Release|Any CPU.Build.0 = Release|Any CPU
	EndGlobalSection
	GlobalSection(SolutionProperties) = preSolution
		HideSolutionNode = FALSE
	EndGlobalSection
	GlobalSection(ExtensibilityGlobals) = postSolution
		SolutionGuid = {42FE8748-B807-40E6-8153-6FAA928BD5F5}
	EndGlobalSection
EndGlobal
